{
  "requires": true,
  "lockfileVersion": 1,
  "dependencies": {
    "@mdi/font": {
      "version": "5.7.55",
      "resolved": "https://registry.npmjs.org/@mdi/font/-/font-5.7.55.tgz",
      "integrity": "sha512-NAixLcux0dBY6dH8wOW7fQ5J86auAqqu+r0B1F36W8/+BTeCIQGYz0hs08ojc8I+uDP7qxeOr8CFAZMyUUlDoQ=="
    }
  }
}
